
Microsoft Visual Studio Solution File, Format Version 12.00
# Visual Studio Version 17
VisualStudioVersion = 17.13.35818.85 d17.13
MinimumVisualStudioVersion = 10.0.40219.1
Project("{FAE04EC0-301F-11D3-BF4B-00C04F79EFBC}") = "EFDatabaseApproch", "EFDatabaseApproch.csproj", "{78AF61BC-6790-450C-88DE-50C68EF5A9B6}"
EndProject
Global
	GlobalSection(SolutionConfigurationPlatforms) = preSolution
		Debug|Any CPU = Debug|Any CPU
		Release|Any CPU = Release|Any CPU
	EndGlobalSection
	GlobalSection(ProjectConfigurationPlatforms) = postSolution
		{78AF61BC-6790-450C-88DE-50C68EF5A9B6}.Debug|Any CPU.ActiveCfg = Debug|Any CPU
		{78AF61BC-6790-450C-88DE-50C68EF5A9B6}.Debug|Any CPU.Build.0 = Debug|Any CPU
		{78AF61BC-6790-450C-88DE-50C68EF5A9B6}.Release|Any CPU.ActiveCfg = Release|Any CPU
		{78AF61BC-6790-450C-88DE-50C68EF5A9B6}.Release|Any CPU.Build.0 = Release|Any CPU
	EndGlobalSection
	GlobalSection(SolutionProperties) = preSolution
		HideSolutionNode = FALSE
	EndGlobalSection
	GlobalSection(ExtensibilityGlobals) = postSolution
		SolutionGuid = {3AAF36FA-86B4-4912-A91A-7FB758881B3E}
	EndGlobalSection
EndGlobal
